
Microsoft Visual Studio Solution File, Format Version 12.00
# Visual Studio Version 16
VisualStudioVersion = 16.0.31605.320
MinimumVisualStudioVersion = 10.0.40219.1
Project("{FAE04EC0-301F-11D3-BF4B-00C04F79EFBC}") = "FinalApp", "FinalApp\FinalApp.csproj", "{58F28909-D10C-4003-B1FE-C7B0859029D6}"
EndProject
Global
	GlobalSection(SolutionConfigurationPlatforms) = preSolution
		Debug|Any CPU = Debug|Any CPU
		Release|Any CPU = Release|Any CPU
	EndGlobalSection
	GlobalSection(ProjectConfigurationPlatforms) = postSolution
		{58F28909-D10C-4003-B1FE-C7B0859029D6}.Debug|Any CPU.ActiveCfg = Debug|Any CPU
		{58F28909-D10C-4003-B1FE-C7B0859029D6}.Debug|Any CPU.Build.0 = Debug|Any CPU
		{58F28909-D10C-4003-B1FE-C7B0859029D6}.Release|Any CPU.ActiveCfg = Release|Any CPU
		{58F28909-D10C-4003-B1FE-C7B0859029D6}.Release|Any CPU.Build.0 = Release|Any CPU
	EndGlobalSection
	GlobalSection(SolutionProperties) = preSolution
		HideSolutionNode = FALSE
	EndGlobalSection
	GlobalSection(ExtensibilityGlobals) = postSolution
		SolutionGuid = {AEA258B8-A31E-479B-95CC-45B3C34EB195}
	EndGlobalSection
EndGlobal
